
Microsoft Visual Studio Solution File, Format Version 12.00
# Visual Studio Version 17
VisualStudioVersion = 17.10.35027.167
MinimumVisualStudioVersion = 10.0.40219.1
Project("{2150E333-8FDC-42A3-9474-1A3956D46DE8}") = "Services", "Services", "{5DC99A10-77E1-4509-8F0E-FF6DFFEBEF4C}"
EndProject
Project("{2150E333-8FDC-42A3-9474-1A3956D46DE8}") = "Catalog", "Catalog", "{35836DE4-400B-4781-A196-2A5DCEA04AF0}"
EndProject
Project("{9A19103F-16F7-4668-BE54-9A1E7A4F7556}") = "Catalog.API", "Services\Catalog\Catalog.API\Catalog.API.csproj", "{B56E5948-CA7A-4114-8085-0FC5E4A3B6CC}"
EndProject
Project("{2150E333-8FDC-42A3-9474-1A3956D46DE8}") = "BuildingBlocks", "BuildingBlocks", "{FAED9BA1-DAFF-404E-9AC5-B2C253D2281A}"
EndProject
Project("{9A19103F-16F7-4668-BE54-9A1E7A4F7556}") = "BuildingBlocks", "BuildingBlocks\BuildingBlocks\BuildingBlocks.csproj", "{6D3E73A6-90DB-482B-9DBF-B4034BBFEB99}"
EndProject
Project("{E53339B2-1760-4266-BCC7-CA923CBCF16C}") = "docker-compose", "docker-compose.dcproj", "{B6CEFBB3-666E-471B-B97A-B0A8B81D1079}"
EndProject
Project("{2150E333-8FDC-42A3-9474-1A3956D46DE8}") = "Basket", "Basket", "{85C5BB8F-A78B-4721-AEFF-0F842DBE2B93}"
EndProject
Project("{9A19103F-16F7-4668-BE54-9A1E7A4F7556}") = "Basket.API", "Services\Basket\Basket.API\Basket.API.csproj", "{EDD7CBB5-69F6-41F9-8F25-BDFD6391593A}"
EndProject
Project("{2150E333-8FDC-42A3-9474-1A3956D46DE8}") = "Discount", "Discount", "{7CCE458A-C199-4568-BE8D-24DADF763F5B}"
EndProject
Project("{FAE04EC0-301F-11D3-BF4B-00C04F79EFBC}") = "Discount.Grpc", "Services\Discount\Discount.Grpc\Discount.Grpc.csproj", "{0815E794-D0D5-426E-BD01-8893357DA217}"
EndProject
Project("{2150E333-8FDC-42A3-9474-1A3956D46DE8}") = "Ordering", "Ordering", "{8AFE9FBC-E028-4D55-BD2A-51C0C68D14DF}"
EndProject
Project("{FAE04EC0-301F-11D3-BF4B-00C04F79EFBC}") = "Ordering.API", "Services\Ordering\Ordering.API\Ordering.API.csproj", "{7BF5297D-C93A-4178-B911-F36498C0D556}"
EndProject
Project("{FAE04EC0-301F-11D3-BF4B-00C04F79EFBC}") = "Ordering.Domain", "Services\Ordering\Ordering.Domain\Ordering.Domain.csproj", "{4EA3D2CF-34AD-4F54-9EB9-FB4502961CCB}"
EndProject
Project("{FAE04EC0-301F-11D3-BF4B-00C04F79EFBC}") = "Ordering.Infrastructure", "Services\Ordering\Ordering.Infrastructure\Ordering.Infrastructure.csproj", "{F0DD6B75-3F65-4452-B221-4F9C57A6E2F6}"
EndProject
Project("{FAE04EC0-301F-11D3-BF4B-00C04F79EFBC}") = "Ordering.Application", "Services\Ordering\Ordering.Application\Ordering.Application.csproj", "{3533A324-1550-4BDC-9D5A-66F5FEEA906F}"
EndProject
Project("{FAE04EC0-301F-11D3-BF4B-00C04F79EFBC}") = "BuildingBlocks.Messaging", "BuildingBlocks\BuildingBlocks.Messaging\BuildingBlocks.Messaging.csproj", "{7566FE1C-846A-4C2D-AA35-93B454B06C69}"
EndProject
Project("{2150E333-8FDC-42A3-9474-1A3956D46DE8}") = "ApiGateways", "ApiGateways", "{3C9EA2C4-9E79-45C5-B6E8-4E2F28BFAE76}"
EndProject
Project("{FAE04EC0-301F-11D3-BF4B-00C04F79EFBC}") = "YarpApiGateway", "ApiGateways\YarpApiGateway\YarpApiGateway.csproj", "{04F90313-E473-48B3-9A5A-9783D6949B17}"
EndProject
Global
	GlobalSection(SolutionConfigurationPlatforms) = preSolution
		Debug|Any CPU = Debug|Any CPU
		Release|Any CPU = Release|Any CPU
	EndGlobalSection
	GlobalSection(ProjectConfigurationPlatforms) = postSolution
		{B56E5948-CA7A-4114-8085-0FC5E4A3B6CC}.Debug|Any CPU.ActiveCfg = Debug|Any CPU
		{B56E5948-CA7A-4114-8085-0FC5E4A3B6CC}.Debug|Any CPU.Build.0 = Debug|Any CPU
		{B56E5948-CA7A-4114-8085-0FC5E4A3B6CC}.Release|Any CPU.ActiveCfg = Release|Any CPU
		{B56E5948-CA7A-4114-8085-0FC5E4A3B6CC}.Release|Any CPU.Build.0 = Release|Any CPU
		{6D3E73A6-90DB-482B-9DBF-B4034BBFEB99}.Debug|Any CPU.ActiveCfg = Debug|Any CPU
		{6D3E73A6-90DB-482B-9DBF-B4034BBFEB99}.Debug|Any CPU.Build.0 = Debug|Any CPU
		{6D3E73A6-90DB-482B-9DBF-B4034BBFEB99}.Release|Any CPU.ActiveCfg = Release|Any CPU
		{6D3E73A6-90DB-482B-9DBF-B4034BBFEB99}.Release|Any CPU.Build.0 = Release|Any CPU
		{B6CEFBB3-666E-471B-B97A-B0A8B81D1079}.Debug|Any CPU.ActiveCfg = Debug|Any CPU
		{B6CEFBB3-666E-471B-B97A-B0A8B81D1079}.Debug|Any CPU.Build.0 = Debug|Any CPU
		{B6CEFBB3-666E-471B-B97A-B0A8B81D1079}.Release|Any CPU.ActiveCfg = Release|Any CPU
		{B6CEFBB3-666E-471B-B97A-B0A8B81D1079}.Release|Any CPU.Build.0 = Release|Any CPU
		{EDD7CBB5-69F6-41F9-8F25-BDFD6391593A}.Debug|Any CPU.ActiveCfg = Debug|Any CPU
		{EDD7CBB5-69F6-41F9-8F25-BDFD6391593A}.Debug|Any CPU.Build.0 = Debug|Any CPU
		{EDD7CBB5-69F6-41F9-8F25-BDFD6391593A}.Release|Any CPU.ActiveCfg = Release|Any CPU
		{EDD7CBB5-69F6-41F9-8F25-BDFD6391593A}.Release|Any CPU.Build.0 = Release|Any CPU
		{0815E794-D0D5-426E-BD01-8893357DA217}.Debug|Any CPU.ActiveCfg = Debug|Any CPU
		{0815E794-D0D5-426E-BD01-8893357DA217}.Debug|Any CPU.Build.0 = Debug|Any CPU
		{0815E794-D0D5-426E-BD01-8893357DA217}.Release|Any CPU.ActiveCfg = Release|Any CPU
		{0815E794-D0D5-426E-BD01-8893357DA217}.Release|Any CPU.Build.0 = Release|Any CPU
		{7BF5297D-C93A-4178-B911-F36498C0D556}.Debug|Any CPU.ActiveCfg = Debug|Any CPU
		{7BF5297D-C93A-4178-B911-F36498C0D556}.Debug|Any CPU.Build.0 = Debug|Any CPU
		{7BF5297D-C93A-4178-B911-F36498C0D556}.Release|Any CPU.ActiveCfg = Release|Any CPU
		{7BF5297D-C93A-4178-B911-F36498C0D556}.Release|Any CPU.Build.0 = Release|Any CPU
		{4EA3D2CF-34AD-4F54-9EB9-FB4502961CCB}.Debug|Any CPU.ActiveCfg = Debug|Any CPU
		{4EA3D2CF-34AD-4F54-9EB9-FB4502961CCB}.Debug|Any CPU.Build.0 = Debug|Any CPU
		{4EA3D2CF-34AD-4F54-9EB9-FB4502961CCB}.Release|Any CPU.ActiveCfg = Release|Any CPU
		{4EA3D2CF-34AD-4F54-9EB9-FB4502961CCB}.Release|Any CPU.Build.0 = Release|Any CPU
		{F0DD6B75-3F65-4452-B221-4F9C57A6E2F6}.Debug|Any CPU.ActiveCfg = Debug|Any CPU
		{F0DD6B75-3F65-4452-B221-4F9C57A6E2F6}.Debug|Any CPU.Build.0 = Debug|Any CPU
		{F0DD6B75-3F65-4452-B221-4F9C57A6E2F6}.Release|Any CPU.ActiveCfg = Release|Any CPU
		{F0DD6B75-3F65-4452-B221-4F9C57A6E2F6}.Release|Any CPU.Build.0 = Release|Any CPU
		{3533A324-1550-4BDC-9D5A-66F5FEEA906F}.Debug|Any CPU.ActiveCfg = Debug|Any CPU
		{3533A324-1550-4BDC-9D5A-66F5FEEA906F}.Debug|Any CPU.Build.0 = Debug|Any CPU
		{3533A324-1550-4BDC-9D5A-66F5FEEA906F}.Release|Any CPU.ActiveCfg = Release|Any CPU
		{3533A324-1550-4BDC-9D5A-66F5FEEA906F}.Release|Any CPU.Build.0 = Release|Any CPU
		{7566FE1C-846A-4C2D-AA35-93B454B06C69}.Debug|Any CPU.ActiveCfg = Debug|Any CPU
		{7566FE1C-846A-4C2D-AA35-93B454B06C69}.Debug|Any CPU.Build.0 = Debug|Any CPU
		{7566FE1C-846A-4C2D-AA35-93B454B06C69}.Release|Any CPU.ActiveCfg = Release|Any CPU
		{7566FE1C-846A-4C2D-AA35-93B454B06C69}.Release|Any CPU.Build.0 = Release|Any CPU
		{04F90313-E473-48B3-9A5A-9783D6949B17}.Debug|Any CPU.ActiveCfg = Debug|Any CPU
		{04F90313-E473-48B3-9A5A-9783D6949B17}.Debug|Any CPU.Build.0 = Debug|Any CPU
		{04F90313-E473-48B3-9A5A-9783D6949B17}.Release|Any CPU.ActiveCfg = Release|Any CPU
		{04F90313-E473-48B3-9A5A-9783D6949B17}.Release|Any CPU.Build.0 = Release|Any CPU
	EndGlobalSection
	GlobalSection(SolutionProperties) = preSolution
		HideSolutionNode = FALSE
	EndGlobalSection
	GlobalSection(NestedProjects) = preSolution
		{35836DE4-400B-4781-A196-2A5DCEA04AF0} = {5DC99A10-77E1-4509-8F0E-FF6DFFEBEF4C}
		{B56E5948-CA7A-4114-8085-0FC5E4A3B6CC} = {35836DE4-400B-4781-A196-2A5DCEA04AF0}
		{6D3E73A6-90DB-482B-9DBF-B4034BBFEB99} = {FAED9BA1-DAFF-404E-9AC5-B2C253D2281A}
		{85C5BB8F-A78B-4721-AEFF-0F842DBE2B93} = {5DC99A10-77E1-4509-8F0E-FF6DFFEBEF4C}
		{EDD7CBB5-69F6-41F9-8F25-BDFD6391593A} = {85C5BB8F-A78B-4721-AEFF-0F842DBE2B93}
		{7CCE458A-C199-4568-BE8D-24DADF763F5B} = {5DC99A10-77E1-4509-8F0E-FF6DFFEBEF4C}
		{0815E794-D0D5-426E-BD01-8893357DA217} = {7CCE458A-C199-4568-BE8D-24DADF763F5B}
		{8AFE9FBC-E028-4D55-BD2A-51C0C68D14DF} = {5DC99A10-77E1-4509-8F0E-FF6DFFEBEF4C}
		{7BF5297D-C93A-4178-B911-F36498C0D556} = {8AFE9FBC-E028-4D55-BD2A-51C0C68D14DF}
		{4EA3D2CF-34AD-4F54-9EB9-FB4502961CCB} = {8AFE9FBC-E028-4D55-BD2A-51C0C68D14DF}
		{F0DD6B75-3F65-4452-B221-4F9C57A6E2F6} = {8AFE9FBC-E028-4D55-BD2A-51C0C68D14DF}
		{3533A324-1550-4BDC-9D5A-66F5FEEA906F} = {8AFE9FBC-E028-4D55-BD2A-51C0C68D14DF}
		{7566FE1C-846A-4C2D-AA35-93B454B06C69} = {FAED9BA1-DAFF-404E-9AC5-B2C253D2281A}
		{04F90313-E473-48B3-9A5A-9783D6949B17} = {3C9EA2C4-9E79-45C5-B6E8-4E2F28BFAE76}
	EndGlobalSection
	GlobalSection(ExtensibilityGlobals) = postSolution
		SolutionGuid = {BBD7FDE0-0D3F-4F8D-A1D9-2B9D151404AB}
	EndGlobalSection
EndGlobal
